
Microsoft Visual Studio Solution File, Format Version 12.00
# Visual Studio 15
VisualStudioVersion = 15.0.28307.489
MinimumVisualStudioVersion = 10.0.40219.1
Project("{FAE04EC0-301F-11D3-BF4B-00C04F79EFBC}") = "MVCManukauTech", "MVCManukauTech\MVCManukauTech.csproj", "{82C8AA9C-4A03-4A8A-8488-461EBB462318}"
EndProject
Global
	GlobalSection(SolutionConfigurationPlatforms) = preSolution
		Debug|Any CPU = Debug|Any CPU
		Release|Any CPU = Release|Any CPU
	EndGlobalSection
	GlobalSection(ProjectConfigurationPlatforms) = postSolution
		{82C8AA9C-4A03-4A8A-8488-461EBB462318}.Debug|Any CPU.ActiveCfg = Debug|Any CPU
		{82C8AA9C-4A03-4A8A-8488-461EBB462318}.Debug|Any CPU.Build.0 = Debug|Any CPU
		{82C8AA9C-4A03-4A8A-8488-461EBB462318}.Release|Any CPU.ActiveCfg = Release|Any CPU
		{82C8AA9C-4A03-4A8A-8488-461EBB462318}.Release|Any CPU.Build.0 = Release|Any CPU
	EndGlobalSection
	GlobalSection(SolutionProperties) = preSolution
		HideSolutionNode = FALSE
	EndGlobalSection
	GlobalSection(ExtensibilityGlobals) = postSolution
		SolutionGuid = {6A46DE03-8F9A-448B-8BF7-980D30E58FFF}
	EndGlobalSection
EndGlobal
